
Microsoft Visual Studio Solution File, Format Version 12.00
# Visual Studio Version 16
VisualStudioVersion = 16.0.30128.74
MinimumVisualStudioVersion = 10.0.40219.1
Project("{9A19103F-16F7-4668-BE54-9A1E7A4F7556}") = "Inverter.Host", "src\Inverter.Host\Inverter.Host.csproj", "{C47C19E5-C5D8-402B-B345-CB9F5166D828}"
EndProject
Project("{FAE04EC0-301F-11D3-BF4B-00C04F79EFBC}") = "Inverter.GoodWe", "src\Inverter.GoodWe\Inverter.GoodWe.csproj", "{C00DC35F-8467-469C-9220-7476F2200764}"
EndProject
Project("{FAE04EC0-301F-11D3-BF4B-00C04F79EFBC}") = "Inverter.Publish.Mqtt", "src\Inverter.Publish.Mqtt\Inverter.Publish.Mqtt.csproj", "{0A1E4070-E03F-4CF0-B546-A71A4BE146C3}"
EndProject
Project("{FAE04EC0-301F-11D3-BF4B-00C04F79EFBC}") = "Inverter", "src\Inverter\Inverter.csproj", "{F9889E77-9FE5-40AB-9B25-9BC043B2F778}"
EndProject
Global
	GlobalSection(SolutionConfigurationPlatforms) = preSolution
		Debug|Any CPU = Debug|Any CPU
		Release|Any CPU = Release|Any CPU
	EndGlobalSection
	GlobalSection(ProjectConfigurationPlatforms) = postSolution
		{C47C19E5-C5D8-402B-B345-CB9F5166D828}.Debug|Any CPU.ActiveCfg = Debug|Any CPU
		{C47C19E5-C5D8-402B-B345-CB9F5166D828}.Debug|Any CPU.Build.0 = Debug|Any CPU
		{C47C19E5-C5D8-402B-B345-CB9F5166D828}.Release|Any CPU.ActiveCfg = Release|Any CPU
		{C47C19E5-C5D8-402B-B345-CB9F5166D828}.Release|Any CPU.Build.0 = Release|Any CPU
		{C00DC35F-8467-469C-9220-7476F2200764}.Debug|Any CPU.ActiveCfg = Debug|Any CPU
		{C00DC35F-8467-469C-9220-7476F2200764}.Debug|Any CPU.Build.0 = Debug|Any CPU
		{C00DC35F-8467-469C-9220-7476F2200764}.Release|Any CPU.ActiveCfg = Release|Any CPU
		{C00DC35F-8467-469C-9220-7476F2200764}.Release|Any CPU.Build.0 = Release|Any CPU
		{0A1E4070-E03F-4CF0-B546-A71A4BE146C3}.Debug|Any CPU.ActiveCfg = Debug|Any CPU
		{0A1E4070-E03F-4CF0-B546-A71A4BE146C3}.Debug|Any CPU.Build.0 = Debug|Any CPU
		{0A1E4070-E03F-4CF0-B546-A71A4BE146C3}.Release|Any CPU.ActiveCfg = Release|Any CPU
		{0A1E4070-E03F-4CF0-B546-A71A4BE146C3}.Release|Any CPU.Build.0 = Release|Any CPU
		{F9889E77-9FE5-40AB-9B25-9BC043B2F778}.Debug|Any CPU.ActiveCfg = Debug|Any CPU
		{F9889E77-9FE5-40AB-9B25-9BC043B2F778}.Debug|Any CPU.Build.0 = Debug|Any CPU
		{F9889E77-9FE5-40AB-9B25-9BC043B2F778}.Release|Any CPU.ActiveCfg = Release|Any CPU
		{F9889E77-9FE5-40AB-9B25-9BC043B2F778}.Release|Any CPU.Build.0 = Release|Any CPU
	EndGlobalSection
	GlobalSection(SolutionProperties) = preSolution
		HideSolutionNode = FALSE
	EndGlobalSection
	GlobalSection(ExtensibilityGlobals) = postSolution
		SolutionGuid = {DA209344-F6E9-4A61-B8F7-31686D7EE327}
	EndGlobalSection
EndGlobal
